
Microsoft Visual Studio Solution File, Format Version 12.00
# Visual Studio Version 16
VisualStudioVersion = 16.0.30621.155
MinimumVisualStudioVersion = 10.0.40219.1
Project("{F184B08F-C81C-45F6-A57F-5ABD9991F28F}") = "eaglestone-demo", "eaglestone-demo.vbproj", "{81685739-694C-4D4C-8251-0EEF97AFA50A}"
EndProject
Global
	GlobalSection(SolutionConfigurationPlatforms) = preSolution
		Debug|Any CPU = Debug|Any CPU
		Release|Any CPU = Release|Any CPU
	EndGlobalSection
	GlobalSection(ProjectConfigurationPlatforms) = postSolution
		{81685739-694C-4D4C-8251-0EEF97AFA50A}.Debug|Any CPU.ActiveCfg = Debug|Any CPU
		{81685739-694C-4D4C-8251-0EEF97AFA50A}.Debug|Any CPU.Build.0 = Debug|Any CPU
		{81685739-694C-4D4C-8251-0EEF97AFA50A}.Release|Any CPU.ActiveCfg = Release|Any CPU
		{81685739-694C-4D4C-8251-0EEF97AFA50A}.Release|Any CPU.Build.0 = Release|Any CPU
	EndGlobalSection
	GlobalSection(SolutionProperties) = preSolution
		HideSolutionNode = FALSE
	EndGlobalSection
	GlobalSection(ExtensibilityGlobals) = postSolution
		SolutionGuid = {B655F03A-E4D3-4479-AC64-566A29F9718C}
	EndGlobalSection
EndGlobal
